// !$*UTF8*$!
{
	archiveVersion = 1;
	classes = {
	};
	objectVersion = 55;
	objects = {

/* Begin PBXBuildFile section */
		90BDD4C9821BE81C54D11E91 /* Pods_Rubetek_internship.framework in Frameworks */ = {isa = PBXBuildFile; fileRef = D980DF05C7F12998CBB9395C /* Pods_Rubetek_internship.framework */; };
		E47279EF2860E25D002D9D4D /* AppDelegate.swift in Sources */ = {isa = PBXBuildFile; fileRef = E47279EE2860E25D002D9D4D /* AppDelegate.swift */; };
		E47279F12860E25D002D9D4D /* SceneDelegate.swift in Sources */ = {isa = PBXBuildFile; fileRef = E47279F02860E25D002D9D4D /* SceneDelegate.swift */; };
		E47279F82860E260002D9D4D /* Assets.xcassets in Resources */ = {isa = PBXBuildFile; fileRef = E47279F72860E260002D9D4D /* Assets.xcassets */; };
		E47279FB2860E260002D9D4D /* LaunchScreen.storyboard in Resources */ = {isa = PBXBuildFile; fileRef = E47279F92860E260002D9D4D /* LaunchScreen.storyboard */; };
		E4727A032860E41F002D9D4D /* NetworkCore.swift in Sources */ = {isa = PBXBuildFile; fileRef = E4727A022860E41F002D9D4D /* NetworkCore.swift */; };
		E4727A072860EB35002D9D4D /* Responsable.swift in Sources */ = {isa = PBXBuildFile; fileRef = E4727A062860EB35002D9D4D /* Responsable.swift */; };
		E4727A092860EB47002D9D4D /* NetworkError.swift in Sources */ = {isa = PBXBuildFile; fileRef = E4727A082860EB47002D9D4D /* NetworkError.swift */; };
		E4727A1628622137002D9D4D /* CustomTabBarController.swift in Sources */ = {isa = PBXBuildFile; fileRef = E4727A1528622137002D9D4D /* CustomTabBarController.swift */; };
		E4727A1828622AF2002D9D4D /* DoorsViewController.swift in Sources */ = {isa = PBXBuildFile; fileRef = E4727A1728622AF2002D9D4D /* DoorsViewController.swift */; };
		E4727A1A28622B31002D9D4D /* CamerasViewController.swift in Sources */ = {isa = PBXBuildFile; fileRef = E4727A1928622B31002D9D4D /* CamerasViewController.swift */; };
		E4727A22286241EE002D9D4D /* DoorsTableCell.swift in Sources */ = {isa = PBXBuildFile; fileRef = E4727A21286241EE002D9D4D /* DoorsTableCell.swift */; };
		E4727A2428624330002D9D4D /* Assets.swift in Sources */ = {isa = PBXBuildFile; fileRef = E4727A2328624330002D9D4D /* Assets.swift */; };
		E4727A26286245EC002D9D4D /* Extension UIView.swift in Sources */ = {isa = PBXBuildFile; fileRef = E4727A25286245EC002D9D4D /* Extension UIView.swift */; };
		E4727A2A28624810002D9D4D /* DoorsWithCameraTableCell.swift in Sources */ = {isa = PBXBuildFile; fileRef = E4727A2928624810002D9D4D /* DoorsWithCameraTableCell.swift */; };
		E4727A2E28625D3D002D9D4D /* CamerasSectionView.swift in Sources */ = {isa = PBXBuildFile; fileRef = E4727A2D28625D3D002D9D4D /* CamerasSectionView.swift */; };
		E4727A3028625D4F002D9D4D /* CamerasTableCell.swift in Sources */ = {isa = PBXBuildFile; fileRef = E4727A2F28625D4F002D9D4D /* CamerasTableCell.swift */; };
		E4727A3228626088002D9D4D /* DoorsView.swift in Sources */ = {isa = PBXBuildFile; fileRef = E4727A3128626088002D9D4D /* DoorsView.swift */; };
		E4727A34286260A2002D9D4D /* CamerasView.swift in Sources */ = {isa = PBXBuildFile; fileRef = E4727A33286260A2002D9D4D /* CamerasView.swift */; };
		E48CCEE72863523F0081CC9E /* ImageLoader.swift in Sources */ = {isa = PBXBuildFile; fileRef = E48CCEE62863523F0081CC9E /* ImageLoader.swift */; };
		E48CCEEA28636B960081CC9E /* CamerasResponseModel.swift in Sources */ = {isa = PBXBuildFile; fileRef = E48CCEE928636B960081CC9E /* CamerasResponseModel.swift */; };
		E48CCEEC28639D1E0081CC9E /* DoorsResponseModel.swift in Sources */ = {isa = PBXBuildFile; fileRef = E48CCEEB28639D1D0081CC9E /* DoorsResponseModel.swift */; };
		E48CCEEF2864E55F0081CC9E /* Extension UIImage.swift in Sources */ = {isa = PBXBuildFile; fileRef = E48CCEEE2864E55F0081CC9E /* Extension UIImage.swift */; };
		E48CCEF12864EA7E0081CC9E /* Extension UIColor.swift in Sources */ = {isa = PBXBuildFile; fileRef = E48CCEF02864EA7E0081CC9E /* Extension UIColor.swift */; };
		E48CCEF42864F2660081CC9E /* Circe-Regular.ttf in Resources */ = {isa = PBXBuildFile; fileRef = E48CCEF32864F2660081CC9E /* Circe-Regular.ttf */; };
		E48CCEF62864F2730081CC9E /* Circe-Light.ttf in Resources */ = {isa = PBXBuildFile; fileRef = E48CCEF52864F2730081CC9E /* Circe-Light.ttf */; };
/* End PBXBuildFile section */

/* Begin PBXFileReference section */
		892A80224A4A5955E3C87232 /* Pods-Rubetek-internship.release.xcconfig */ = {isa = PBXFileReference; includeInIndex = 1; lastKnownFileType = text.xcconfig; name = "Pods-Rubetek-internship.release.xcconfig"; path = "Target Support Files/Pods-Rubetek-internship/Pods-Rubetek-internship.release.xcconfig"; sourceTree = "<group>"; };
		98CB403CDC4177AABBE2E2B3 /* Pods-Rubetek-internship.debug.xcconfig */ = {isa = PBXFileReference; includeInIndex = 1; lastKnownFileType = text.xcconfig; name = "Pods-Rubetek-internship.debug.xcconfig"; path = "Target Support Files/Pods-Rubetek-internship/Pods-Rubetek-internship.debug.xcconfig"; sourceTree = "<group>"; };
		D980DF05C7F12998CBB9395C /* Pods_Rubetek_internship.framework */ = {isa = PBXFileReference; explicitFileType = wrapper.framework; includeInIndex = 0; path = Pods_Rubetek_internship.framework; sourceTree = BUILT_PRODUCTS_DIR; };
		E47279EB2860E25D002D9D4D /* Rubetek-internship.app */ = {isa = PBXFileReference; explicitFileType = wrapper.application; includeInIndex = 0; path = "Rubetek-internship.app"; sourceTree = BUILT_PRODUCTS_DIR; };
		E47279EE2860E25D002D9D4D /* AppDelegate.swift */ = {isa = PBXFileReference; lastKnownFileType = sourcecode.swift; path = AppDelegate.swift; sourceTree = "<group>"; };
		E47279F02860E25D002D9D4D /* SceneDelegate.swift */ = {isa = PBXFileReference; lastKnownFileType = sourcecode.swift; path = SceneDelegate.swift; sourceTree = "<group>"; };
		E47279F72860E260002D9D4D /* Assets.xcassets */ = {isa = PBXFileReference; lastKnownFileType = folder.assetcatalog; path = Assets.xcassets; sourceTree = "<group>"; };
		E47279FA2860E260002D9D4D /* Base */ = {isa = PBXFileReference; lastKnownFileType = file.storyboard; name = Base; path = Base.lproj/LaunchScreen.storyboard; sourceTree = "<group>"; };
		E47279FC2860E260002D9D4D /* Info.plist */ = {isa = PBXFileReference; lastKnownFileType = text.plist.xml; path = Info.plist; sourceTree = "<group>"; };
		E4727A022860E41F002D9D4D /* NetworkCore.swift */ = {isa = PBXFileReference; lastKnownFileType = sourcecode.swift; path = NetworkCore.swift; sourceTree = "<group>"; };
		E4727A062860EB35002D9D4D /* Responsable.swift */ = {isa = PBXFileReference; lastKnownFileType = sourcecode.swift; path = Responsable.swift; sourceTree = "<group>"; };
		E4727A082860EB47002D9D4D /* NetworkError.swift */ = {isa = PBXFileReference; lastKnownFileType = sourcecode.swift; path = NetworkError.swift; sourceTree = "<group>"; };
		E4727A1528622137002D9D4D /* CustomTabBarController.swift */ = {isa = PBXFileReference; lastKnownFileType = sourcecode.swift; path = CustomTabBarController.swift; sourceTree = "<group>"; };
		E4727A1728622AF2002D9D4D /* DoorsViewController.swift */ = {isa = PBXFileReference; lastKnownFileType = sourcecode.swift; path = DoorsViewController.swift; sourceTree = "<group>"; };
		E4727A1928622B31002D9D4D /* CamerasViewController.swift */ = {isa = PBXFileReference; lastKnownFileType = sourcecode.swift; path = CamerasViewController.swift; sourceTree = "<group>"; };
		E4727A21286241EE002D9D4D /* DoorsTableCell.swift */ = {isa = PBXFileReference; lastKnownFileType = sourcecode.swift; path = DoorsTableCell.swift; sourceTree = "<group>"; };
		E4727A2328624330002D9D4D /* Assets.swift */ = {isa = PBXFileReference; lastKnownFileType = sourcecode.swift; path = Assets.swift; sourceTree = "<group>"; };
		E4727A25286245EC002D9D4D /* Extension UIView.swift */ = {isa = PBXFileReference; lastKnownFileType = sourcecode.swift; path = "Extension UIView.swift"; sourceTree = "<group>"; };
		E4727A2928624810002D9D4D /* DoorsWithCameraTableCell.swift */ = {isa = PBXFileReference; lastKnownFileType = sourcecode.swift; path = DoorsWithCameraTableCell.swift; sourceTree = "<group>"; };
		E4727A2D28625D3D002D9D4D /* CamerasSectionView.swift */ = {isa = PBXFileReference; lastKnownFileType = sourcecode.swift; path = CamerasSectionView.swift; sourceTree = "<group>"; };
		E4727A2F28625D4F002D9D4D /* CamerasTableCell.swift */ = {isa = PBXFileReference; lastKnownFileType = sourcecode.swift; path = CamerasTableCell.swift; sourceTree = "<group>"; };
		E4727A3128626088002D9D4D /* DoorsView.swift */ = {isa = PBXFileReference; lastKnownFileType = sourcecode.swift; path = DoorsView.swift; sourceTree = "<group>"; };
		E4727A33286260A2002D9D4D /* CamerasView.swift */ = {isa = PBXFileReference; lastKnownFileType = sourcecode.swift; path = CamerasView.swift; sourceTree = "<group>"; };
		E48CCEE62863523F0081CC9E /* ImageLoader.swift */ = {isa = PBXFileReference; lastKnownFileType = sourcecode.swift; path = ImageLoader.swift; sourceTree = "<group>"; };
		E48CCEE928636B960081CC9E /* CamerasResponseModel.swift */ = {isa = PBXFileReference; lastKnownFileType = sourcecode.swift; path = CamerasResponseModel.swift; sourceTree = "<group>"; };
		E48CCEEB28639D1D0081CC9E /* DoorsResponseModel.swift */ = {isa = PBXFileReference; lastKnownFileType = sourcecode.swift; path = DoorsResponseModel.swift; sourceTree = "<group>"; };
		E48CCEEE2864E55F0081CC9E /* Extension UIImage.swift */ = {isa = PBXFileReference; lastKnownFileType = sourcecode.swift; path = "Extension UIImage.swift"; sourceTree = "<group>"; };
		E48CCEF02864EA7E0081CC9E /* Extension UIColor.swift */ = {isa = PBXFileReference; lastKnownFileType = sourcecode.swift; path = "Extension UIColor.swift"; sourceTree = "<group>"; };
		E48CCEF32864F2660081CC9E /* Circe-Regular.ttf */ = {isa = PBXFileReference; lastKnownFileType = file; path = "Circe-Regular.ttf"; sourceTree = "<group>"; };
		E48CCEF52864F2730081CC9E /* Circe-Light.ttf */ = {isa = PBXFileReference; lastKnownFileType = file; path = "Circe-Light.ttf"; sourceTree = "<group>"; };
/* End PBXFileReference section */

/* Begin PBXFrameworksBuildPhase section */
		E47279E82860E25C002D9D4D /* Frameworks */ = {
			isa = PBXFrameworksBuildPhase;
			buildActionMask = 2147483647;
			files = (
				90BDD4C9821BE81C54D11E91 /* Pods_Rubetek_internship.framework in Frameworks */,
			);
			runOnlyForDeploymentPostprocessing = 0;
		};
/* End PBXFrameworksBuildPhase section */

/* Begin PBXGroup section */
		35054827FC7C7B4F91A95138 /* Pods */ = {
			isa = PBXGroup;
			children = (
				98CB403CDC4177AABBE2E2B3 /* Pods-Rubetek-internship.debug.xcconfig */,
				892A80224A4A5955E3C87232 /* Pods-Rubetek-internship.release.xcconfig */,
			);
			path = Pods;
			sourceTree = "<group>";
		};
		8DB60EBB9C8CE341B434E7FD /* Frameworks */ = {
			isa = PBXGroup;
			children = (
				D980DF05C7F12998CBB9395C /* Pods_Rubetek_internship.framework */,
			);
			name = Frameworks;
			sourceTree = "<group>";
		};
		E47279E22860E25C002D9D4D = {
			isa = PBXGroup;
			children = (
				E47279ED2860E25D002D9D4D /* Rubetek-internship */,
				E47279EC2860E25D002D9D4D /* Products */,
				35054827FC7C7B4F91A95138 /* Pods */,
				8DB60EBB9C8CE341B434E7FD /* Frameworks */,
			);
			sourceTree = "<group>";
		};
		E47279EC2860E25D002D9D4D /* Products */ = {
			isa = PBXGroup;
			children = (
				E47279EB2860E25D002D9D4D /* Rubetek-internship.app */,
			);
			name = Products;
			sourceTree = "<group>";
		};
		E47279ED2860E25D002D9D4D /* Rubetek-internship */ = {
			isa = PBXGroup;
			children = (
				E48CCEF22864F2500081CC9E /* Resources */,
				E48CCEE8286365470081CC9E /* Application */,
				E4727A3A2862634D002D9D4D /* DoorsModule */,
				E4727A3928626332002D9D4D /* CamerasModule */,
				E4727A042860E9D8002D9D4D /* Core */,
			);
			path = "Rubetek-internship";
			sourceTree = "<group>";
		};
		E4727A042860E9D8002D9D4D /* Core */ = {
			isa = PBXGroup;
			children = (
				E4727A2728624627002D9D4D /* Helpers */,
				E4727A2828624636002D9D4D /* Extensions */,
				E4727A052860EB1B002D9D4D /* NetworkCore */,
				E4727A0C2860EBB4002D9D4D /* Services */,
			);
			path = Core;
			sourceTree = "<group>";
		};
		E4727A052860EB1B002D9D4D /* NetworkCore */ = {
			isa = PBXGroup;
			children = (
				E4727A022860E41F002D9D4D /* NetworkCore.swift */,
				E4727A062860EB35002D9D4D /* Responsable.swift */,
				E4727A082860EB47002D9D4D /* NetworkError.swift */,
			);
			path = NetworkCore;
			sourceTree = "<group>";
		};
		E4727A0C2860EBB4002D9D4D /* Services */ = {
			isa = PBXGroup;
			children = (
				E48CCEE62863523F0081CC9E /* ImageLoader.swift */,
			);
			path = Services;
			sourceTree = "<group>";
		};
		E4727A1F28623E5A002D9D4D /* Controller */ = {
			isa = PBXGroup;
			children = (
				E4727A1728622AF2002D9D4D /* DoorsViewController.swift */,
			);
			path = Controller;
			sourceTree = "<group>";
		};
		E4727A2028623E6A002D9D4D /* View */ = {
			isa = PBXGroup;
			children = (
				E4727A21286241EE002D9D4D /* DoorsTableCell.swift */,
				E4727A2928624810002D9D4D /* DoorsWithCameraTableCell.swift */,
				E4727A3128626088002D9D4D /* DoorsView.swift */,
			);
			path = View;
			sourceTree = "<group>";
		};
		E4727A2728624627002D9D4D /* Helpers */ = {
			isa = PBXGroup;
			children = (
				E4727A2328624330002D9D4D /* Assets.swift */,
			);
			path = Helpers;
			sourceTree = "<group>";
		};
		E4727A2828624636002D9D4D /* Extensions */ = {
			isa = PBXGroup;
			children = (
				E4727A25286245EC002D9D4D /* Extension UIView.swift */,
				E48CCEEE2864E55F0081CC9E /* Extension UIImage.swift */,
				E48CCEF02864EA7E0081CC9E /* Extension UIColor.swift */,
			);
			path = Extensions;
			sourceTree = "<group>";
		};
		E4727A372862630A002D9D4D /* View */ = {
			isa = PBXGroup;
			children = (
				E4727A33286260A2002D9D4D /* CamerasView.swift */,
				E4727A2F28625D4F002D9D4D /* CamerasTableCell.swift */,
				E4727A2D28625D3D002D9D4D /* CamerasSectionView.swift */,
			);
			path = View;
			sourceTree = "<group>";
		};
		E4727A3828626320002D9D4D /* Controller */ = {
			isa = PBXGroup;
			children = (
				E4727A1928622B31002D9D4D /* CamerasViewController.swift */,
			);
			path = Controller;
			sourceTree = "<group>";
		};
		E4727A3928626332002D9D4D /* CamerasModule */ = {
			isa = PBXGroup;
			children = (
				E4727A3828626320002D9D4D /* Controller */,
				E4727A372862630A002D9D4D /* View */,
				E4727A4428634B73002D9D4D /* Model */,
			);
			path = CamerasModule;
			sourceTree = "<group>";
		};
		E4727A3A2862634D002D9D4D /* DoorsModule */ = {
			isa = PBXGroup;
			children = (
				E4727A1F28623E5A002D9D4D /* Controller */,
				E4727A2028623E6A002D9D4D /* View */,
				E48CCEED28639D2E0081CC9E /* Model */,
			);
			path = DoorsModule;
			sourceTree = "<group>";
		};
		E4727A4428634B73002D9D4D /* Model */ = {
			isa = PBXGroup;
			children = (
				E48CCEE928636B960081CC9E /* CamerasResponseModel.swift */,
			);
			path = Model;
			sourceTree = "<group>";
		};
		E48CCEE8286365470081CC9E /* Application */ = {
			isa = PBXGroup;
			children = (
				E47279EE2860E25D002D9D4D /* AppDelegate.swift */,
				E47279F02860E25D002D9D4D /* SceneDelegate.swift */,
				E4727A1528622137002D9D4D /* CustomTabBarController.swift */,
				E47279F92860E260002D9D4D /* LaunchScreen.storyboard */,
				E47279FC2860E260002D9D4D /* Info.plist */,
			);
			path = Application;
			sourceTree = "<group>";
		};
		E48CCEED28639D2E0081CC9E /* Model */ = {
			isa = PBXGroup;
			children = (
				E48CCEEB28639D1D0081CC9E /* DoorsResponseModel.swift */,
			);
			path = Model;
			sourceTree = "<group>";
		};
		E48CCEF22864F2500081CC9E /* Resources */ = {
			isa = PBXGroup;
			children = (
				E48CCEF72864F2A00081CC9E /* fonts */,
				E47279F72860E260002D9D4D /* Assets.xcassets */,
			);
			path = Resources;
			sourceTree = "<group>";
		};
		E48CCEF72864F2A00081CC9E /* fonts */ = {
			isa = PBXGroup;
			children = (
				E48CCEF52864F2730081CC9E /* Circe-Light.ttf */,
				E48CCEF32864F2660081CC9E /* Circe-Regular.ttf */,
			);
			path = fonts;
			sourceTree = "<group>";
		};
/* End PBXGroup section */

/* Begin PBXNativeTarget section */
		E47279EA2860E25C002D9D4D /* Rubetek-internship */ = {
			isa = PBXNativeTarget;
			buildConfigurationList = E47279FF2860E260002D9D4D /* Build configuration list for PBXNativeTarget "Rubetek-internship" */;
			buildPhases = (
				0996C48779957023219E425F /* [CP] Check Pods Manifest.lock */,
				E47279E72860E25C002D9D4D /* Sources */,
				E47279E82860E25C002D9D4D /* Frameworks */,
				E47279E92860E25C002D9D4D /* Resources */,
				0E500F70275034C2920508A9 /* [CP] Embed Pods Frameworks */,
			);
			buildRules = (
			);
			dependencies = (
			);
			name = "Rubetek-internship";
			productName = "Rubetek-internship";
			productReference = E47279EB2860E25D002D9D4D /* Rubetek-internship.app */;
			productType = "com.apple.product-type.application";
		};
/* End PBXNativeTarget section */

/* Begin PBXProject section */
		E47279E32860E25C002D9D4D /* Project object */ = {
			isa = PBXProject;
			attributes = {
				BuildIndependentTargetsInParallel = 1;
				LastSwiftUpdateCheck = 1340;
				LastUpgradeCheck = 1340;
				TargetAttributes = {
					E47279EA2860E25C002D9D4D = {
						CreatedOnToolsVersion = 13.4.1;
					};
				};
			};
			buildConfigurationList = E47279E62860E25C002D9D4D /* Build configuration list for PBXProject "Rubetek-internship" */;
			compatibilityVersion = "Xcode 13.0";
			developmentRegion = en;
			hasScannedForEncodings = 0;
			knownRegions = (
				en,
				Base,
			);
			mainGroup = E47279E22860E25C002D9D4D;
			productRefGroup = E47279EC2860E25D002D9D4D /* Products */;
			projectDirPath = "";
			projectRoot = "";
			targets = (
				E47279EA2860E25C002D9D4D /* Rubetek-internship */,
			);
		};
/* End PBXProject section */

/* Begin PBXResourcesBuildPhase section */
		E47279E92860E25C002D9D4D /* Resources */ = {
			isa = PBXResourcesBuildPhase;
			buildActionMask = 2147483647;
			files = (
				E47279FB2860E260002D9D4D /* LaunchScreen.storyboard in Resources */,
				E48CCEF42864F2660081CC9E /* Circe-Regular.ttf in Resources */,
				E48CCEF62864F2730081CC9E /* Circe-Light.ttf in Resources */,
				E47279F82860E260002D9D4D /* Assets.xcassets in Resources */,
			);
			runOnlyForDeploymentPostprocessing = 0;
		};
/* End PBXResourcesBuildPhase section */

/* Begin PBXShellScriptBuildPhase section */
		0996C48779957023219E425F /* [CP] Check Pods Manifest.lock */ = {
			isa = PBXShellScriptBuildPhase;
			buildActionMask = 2147483647;
			files = (
			);
			inputFileListPaths = (
			);
			inputPaths = (
				"${PODS_PODFILE_DIR_PATH}/Podfile.lock",
				"${PODS_ROOT}/Manifest.lock",
			);
			name = "[CP] Check Pods Manifest.lock";
			outputFileListPaths = (
			);
			outputPaths = (
				"$(DERIVED_FILE_DIR)/Pods-Rubetek-internship-checkManifestLockResult.txt",
			);
			runOnlyForDeploymentPostprocessing = 0;
			shellPath = /bin/sh;
			shellScript = "diff \"${PODS_PODFILE_DIR_PATH}/Podfile.lock\" \"${PODS_ROOT}/Manifest.lock\" > /dev/null\nif [ $? != 0 ] ; then\n    # print error to STDERR\n    echo \"error: The sandbox is not in sync with the Podfile.lock. Run 'pod install' or update your CocoaPods installation.\" >&2\n    exit 1\nfi\n# This output is used by Xcode 'outputs' to avoid re-running this script phase.\necho \"SUCCESS\" > \"${SCRIPT_OUTPUT_FILE_0}\"\n";
			showEnvVarsInLog = 0;
		};
		0E500F70275034C2920508A9 /* [CP] Embed Pods Frameworks */ = {
			isa = PBXShellScriptBuildPhase;
			buildActionMask = 2147483647;
			files = (
			);
			inputFileListPaths = (
				"${PODS_ROOT}/Target Support Files/Pods-Rubetek-internship/Pods-Rubetek-internship-frameworks-${CONFIGURATION}-input-files.xcfilelist",
			);
			name = "[CP] Embed Pods Frameworks";
			outputFileListPaths = (
				"${PODS_ROOT}/Target Support Files/Pods-Rubetek-internship/Pods-Rubetek-internship-frameworks-${CONFIGURATION}-output-files.xcfilelist",
			);
			runOnlyForDeploymentPostprocessing = 0;
			shellPath = /bin/sh;
			shellScript = "\"${PODS_ROOT}/Target Support Files/Pods-Rubetek-internship/Pods-Rubetek-internship-frameworks.sh\"\n";
			showEnvVarsInLog = 0;
		};
/* End PBXShellScriptBuildPhase section */

/* Begin PBXSourcesBuildPhase section */
		E47279E72860E25C002D9D4D /* Sources */ = {
			isa = PBXSourcesBuildPhase;
			buildActionMask = 2147483647;
			files = (
				E48CCEEF2864E55F0081CC9E /* Extension UIImage.swift in Sources */,
				E48CCEEC28639D1E0081CC9E /* DoorsResponseModel.swift in Sources */,
				E4727A1628622137002D9D4D /* CustomTabBarController.swift in Sources */,
				E47279EF2860E25D002D9D4D /* AppDelegate.swift in Sources */,
				E47279F12860E25D002D9D4D /* SceneDelegate.swift in Sources */,
				E4727A2E28625D3D002D9D4D /* CamerasSectionView.swift in Sources */,
				E4727A2A28624810002D9D4D /* DoorsWithCameraTableCell.swift in Sources */,
				E4727A1A28622B31002D9D4D /* CamerasViewController.swift in Sources */,
				E4727A3228626088002D9D4D /* DoorsView.swift in Sources */,
				E4727A22286241EE002D9D4D /* DoorsTableCell.swift in Sources */,
				E4727A092860EB47002D9D4D /* NetworkError.swift in Sources */,
				E48CCEEA28636B960081CC9E /* CamerasResponseModel.swift in Sources */,
				E48CCEE72863523F0081CC9E /* ImageLoader.swift in Sources */,
				E4727A1828622AF2002D9D4D /* DoorsViewController.swift in Sources */,
				E48CCEF12864EA7E0081CC9E /* Extension UIColor.swift in Sources */,
				E4727A2428624330002D9D4D /* Assets.swift in Sources */,
				E4727A3028625D4F002D9D4D /* CamerasTableCell.swift in Sources */,
				E4727A072860EB35002D9D4D /* Responsable.swift in Sources */,
				E4727A26286245EC002D9D4D /* Extension UIView.swift in Sources */,
				E4727A34286260A2002D9D4D /* CamerasView.swift in Sources */,
				E4727A032860E41F002D9D4D /* NetworkCore.swift in Sources */,
			);
			runOnlyForDeploymentPostprocessing = 0;
		};
/* End PBXSourcesBuildPhase section */

/* Begin PBXVariantGroup section */
		E47279F92860E260002D9D4D /* LaunchScreen.storyboard */ = {
			isa = PBXVariantGroup;
			children = (
				E47279FA2860E260002D9D4D /* Base */,
			);
			name = LaunchScreen.storyboard;
			sourceTree = "<group>";
		};
/* End PBXVariantGroup section */

/* Begin XCBuildConfiguration section */
		E47279FD2860E260002D9D4D /* Debug */ = {
			isa = XCBuildConfiguration;
			buildSettings = {
				ALWAYS_SEARCH_USER_PATHS = NO;
				CLANG_ANALYZER_NONNULL = YES;
				CLANG_ANALYZER_NUMBER_OBJECT_CONVERSION = YES_AGGRESSIVE;
				CLANG_CXX_LANGUAGE_STANDARD = "gnu++17";
				CLANG_ENABLE_MODULES = YES;
				CLANG_ENABLE_OBJC_ARC = YES;
				CLANG_ENABLE_OBJC_WEAK = YES;
				CLANG_WARN_BLOCK_CAPTURE_AUTORELEASING = YES;
				CLANG_WARN_BOOL_CONVERSION = YES;
				CLANG_WARN_COMMA = YES;
				CLANG_WARN_CONSTANT_CONVERSION = YES;
				CLANG_WARN_DEPRECATED_OBJC_IMPLEMENTATIONS = YES;
				CLANG_WARN_DIRECT_OBJC_ISA_USAGE = YES_ERROR;
				CLANG_WARN_DOCUMENTATION_COMMENTS = YES;
				CLANG_WARN_EMPTY_BODY = YES;
				CLANG_WARN_ENUM_CONVERSION = YES;
				CLANG_WARN_INFINITE_RECURSION = YES;
				CLANG_WARN_INT_CONVERSION = YES;
				CLANG_WARN_NON_LITERAL_NULL_CONVERSION = YES;
				CLANG_WARN_OBJC_IMPLICIT_RETAIN_SELF = YES;
				CLANG_WARN_OBJC_LITERAL_CONVERSION = YES;
				CLANG_WARN_OBJC_ROOT_CLASS = YES_ERROR;
				CLANG_WARN_QUOTED_INCLUDE_IN_FRAMEWORK_HEADER = YES;
				CLANG_WARN_RANGE_LOOP_ANALYSIS = YES;
				CLANG_WARN_STRICT_PROTOTYPES = YES;
				CLANG_WARN_SUSPICIOUS_MOVE = YES;
				CLANG_WARN_UNGUARDED_AVAILABILITY = YES_AGGRESSIVE;
				CLANG_WARN_UNREACHABLE_CODE = YES;
				CLANG_WARN__DUPLICATE_METHOD_MATCH = YES;
				COPY_PHASE_STRIP = NO;
				DEBUG_INFORMATION_FORMAT = dwarf;
				ENABLE_STRICT_OBJC_MSGSEND = YES;
				ENABLE_TESTABILITY = YES;
				GCC_C_LANGUAGE_STANDARD = gnu11;
				GCC_DYNAMIC_NO_PIC = NO;
				GCC_NO_COMMON_BLOCKS = YES;
				GCC_OPTIMIZATION_LEVEL = 0;
				GCC_PREPROCESSOR_DEFINITIONS = (
					"DEBUG=1",
					"$(inherited)",
				);
				GCC_WARN_64_TO_32_BIT_CONVERSION = YES;
				GCC_WARN_ABOUT_RETURN_TYPE = YES_ERROR;
				GCC_WARN_UNDECLARED_SELECTOR = YES;
				GCC_WARN_UNINITIALIZED_AUTOS = YES_AGGRESSIVE;
				GCC_WARN_UNUSED_FUNCTION = YES;
				GCC_WARN_UNUSED_VARIABLE = YES;
				IPHONEOS_DEPLOYMENT_TARGET = 15.5;
				MTL_ENABLE_DEBUG_INFO = INCLUDE_SOURCE;
				MTL_FAST_MATH = YES;
				ONLY_ACTIVE_ARCH = YES;
				SDKROOT = iphoneos;
				SWIFT_ACTIVE_COMPILATION_CONDITIONS = DEBUG;
				SWIFT_OPTIMIZATION_LEVEL = "-Onone";
			};
			name = Debug;
		};
		E47279FE2860E260002D9D4D /* Release */ = {
			isa = XCBuildConfiguration;
			buildSettings = {
				ALWAYS_SEARCH_USER_PATHS = NO;
				CLANG_ANALYZER_NONNULL = YES;
				CLANG_ANALYZER_NUMBER_OBJECT_CONVERSION = YES_AGGRESSIVE;
				CLANG_CXX_LANGUAGE_STANDARD = "gnu++17";
				CLANG_ENABLE_MODULES = YES;
				CLANG_ENABLE_OBJC_ARC = YES;
				CLANG_ENABLE_OBJC_WEAK = YES;
				CLANG_WARN_BLOCK_CAPTURE_AUTORELEASING = YES;
				CLANG_WARN_BOOL_CONVERSION = YES;
				CLANG_WARN_COMMA = YES;
				CLANG_WARN_CONSTANT_CONVERSION = YES;
				CLANG_WARN_DEPRECATED_OBJC_IMPLEMENTATIONS = YES;
				CLANG_WARN_DIRECT_OBJC_ISA_USAGE = YES_ERROR;
				CLANG_WARN_DOCUMENTATION_COMMENTS = YES;
				CLANG_WARN_EMPTY_BODY = YES;
				CLANG_WARN_ENUM_CONVERSION = YES;
				CLANG_WARN_INFINITE_RECURSION = YES;
				CLANG_WARN_INT_CONVERSION = YES;
				CLANG_WARN_NON_LITERAL_NULL_CONVERSION = YES;
				CLANG_WARN_OBJC_IMPLICIT_RETAIN_SELF = YES;
				CLANG_WARN_OBJC_LITERAL_CONVERSION = YES;
				CLANG_WARN_OBJC_ROOT_CLASS = YES_ERROR;
				CLANG_WARN_QUOTED_INCLUDE_IN_FRAMEWORK_HEADER = YES;
				CLANG_WARN_RANGE_LOOP_ANALYSIS = YES;
				CLANG_WARN_STRICT_PROTOTYPES = YES;
				CLANG_WARN_SUSPICIOUS_MOVE = YES;
				CLANG_WARN_UNGUARDED_AVAILABILITY = YES_AGGRESSIVE;
				CLANG_WARN_UNREACHABLE_CODE = YES;
				CLANG_WARN__DUPLICATE_METHOD_MATCH = YES;
				COPY_PHASE_STRIP = NO;
				DEBUG_INFORMATION_FORMAT = "dwarf-with-dsym";
				ENABLE_NS_ASSERTIONS = NO;
				ENABLE_STRICT_OBJC_MSGSEND = YES;
				GCC_C_LANGUAGE_STANDARD = gnu11;
				GCC_NO_COMMON_BLOCKS = YES;
				GCC_WARN_64_TO_32_BIT_CONVERSION = YES;
				GCC_WARN_ABOUT_RETURN_TYPE = YES_ERROR;
				GCC_WARN_UNDECLARED_SELECTOR = YES;
				GCC_WARN_UNINITIALIZED_AUTOS = YES_AGGRESSIVE;
				GCC_WARN_UNUSED_FUNCTION = YES;
				GCC_WARN_UNUSED_VARIABLE = YES;
				IPHONEOS_DEPLOYMENT_TARGET = 15.5;
				MTL_ENABLE_DEBUG_INFO = NO;
				MTL_FAST_MATH = YES;
				SDKROOT = iphoneos;
				SWIFT_COMPILATION_MODE = wholemodule;
				SWIFT_OPTIMIZATION_LEVEL = "-O";
				VALIDATE_PRODUCT = YES;
			};
			name = Release;
		};
		E4727A002860E260002D9D4D /* Debug */ = {
			isa = XCBuildConfiguration;
			baseConfigurationReference = 98CB403CDC4177AABBE2E2B3 /* Pods-Rubetek-internship.debug.xcconfig */;
			buildSettings = {
				ASSETCATALOG_COMPILER_APPICON_NAME = AppIcon;
				ASSETCATALOG_COMPILER_GLOBAL_ACCENT_COLOR_NAME = AccentColor;
				CODE_SIGN_STYLE = Automatic;
				CURRENT_PROJECT_VERSION = 1;
				DEVELOPMENT_TEAM = 7752T724HD;
				GENERATE_INFOPLIST_FILE = YES;
				INFOPLIST_FILE = "Rubetek-internship/Application/Info.plist";
				INFOPLIST_KEY_UIApplicationSupportsIndirectInputEvents = YES;
				INFOPLIST_KEY_UILaunchStoryboardName = LaunchScreen;
				INFOPLIST_KEY_UISupportedInterfaceOrientations = UIInterfaceOrientationPortrait;
				INFOPLIST_KEY_UISupportedInterfaceOrientations_iPad = "UIInterfaceOrientationPortrait UIInterfaceOrientationPortraitUpsideDown UIInterfaceOrientationLandscapeLeft UIInterfaceOrientationLandscapeRight";
				INFOPLIST_KEY_UISupportedInterfaceOrientations_iPhone = "UIInterfaceOrientationPortrait UIInterfaceOrientationLandscapeLeft UIInterfaceOrientationLandscapeRight";
				IPHONEOS_DEPLOYMENT_TARGET = 13.0;
				LD_RUNPATH_SEARCH_PATHS = (
					"$(inherited)",
					"@executable_path/Frameworks",
				);
				MARKETING_VERSION = 1.0;
				PRODUCT_BUNDLE_IDENTIFIER = "com.skrivoborodova.Rubetek-internship";
				PRODUCT_NAME = "$(TARGET_NAME)";
				SWIFT_EMIT_LOC_STRINGS = YES;
				SWIFT_VERSION = 5.0;
				TARGETED_DEVICE_FAMILY = 1;
			};
			name = Debug;
		};
		E4727A012860E260002D9D4D /* Release */ = {
			isa = XCBuildConfiguration;
			baseConfigurationReference = 892A80224A4A5955E3C87232 /* Pods-Rubetek-internship.release.xcconfig */;
			buildSettings = {
				ASSETCATALOG_COMPILER_APPICON_NAME = AppIcon;
				ASSETCATALOG_COMPILER_GLOBAL_ACCENT_COLOR_NAME = AccentColor;
				CODE_SIGN_STYLE = Automatic;
				CURRENT_PROJECT_VERSION = 1;
				DEVELOPMENT_TEAM = 7752T724HD;
				GENERATE_INFOPLIST_FILE = YES;
				INFOPLIST_FILE = "Rubetek-internship/Application/Info.plist";
				INFOPLIST_KEY_UIApplicationSupportsIndirectInputEvents = YES;
				INFOPLIST_KEY_UILaunchStoryboardName = LaunchScreen;
				INFOPLIST_KEY_UISupportedInterfaceOrientations = UIInterfaceOrientationPortrait;
				INFOPLIST_KEY_UISupportedInterfaceOrientations_iPad = "UIInterfaceOrientationPortrait UIInterfaceOrientationPortraitUpsideDown UIInterfaceOrientationLandscapeLeft UIInterfaceOrientationLandscapeRight";
				INFOPLIST_KEY_UISupportedInterfaceOrientations_iPhone = "UIInterfaceOrientationPortrait UIInterfaceOrientationLandscapeLeft UIInterfaceOrientationLandscapeRight";
				IPHONEOS_DEPLOYMENT_TARGET = 13.0;
				LD_RUNPATH_SEARCH_PATHS = (
					"$(inherited)",
					"@executable_path/Frameworks",
				);
				MARKETING_VERSION = 1.0;
				PRODUCT_BUNDLE_IDENTIFIER = "com.skrivoborodova.Rubetek-internship";
				PRODUCT_NAME = "$(TARGET_NAME)";
				SWIFT_EMIT_LOC_STRINGS = YES;
				SWIFT_VERSION = 5.0;
				TARGETED_DEVICE_FAMILY = 1;
			};
			name = Release;
		};
/* End XCBuildConfiguration section */

/* Begin XCConfigurationList section */
		E47279E62860E25C002D9D4D /* Build configuration list for PBXProject "Rubetek-internship" */ = {
			isa = XCConfigurationList;
			buildConfigurations = (
				E47279FD2860E260002D9D4D /* Debug */,
				E47279FE2860E260002D9D4D /* Release */,
			);
			defaultConfigurationIsVisible = 0;
			defaultConfigurationName = Release;
		};
		E47279FF2860E260002D9D4D /* Build configuration list for PBXNativeTarget "Rubetek-internship" */ = {
			isa = XCConfigurationList;
			buildConfigurations = (
				E4727A002860E260002D9D4D /* Debug */,
				E4727A012860E260002D9D4D /* Release */,
			);
			defaultConfigurationIsVisible = 0;
			defaultConfigurationName = Release;
		};
/* End XCConfigurationList section */
	};
	rootObject = E47279E32860E25C002D9D4D /* Project object */;
}
