// !$*UTF8*$!
{
	archiveVersion = 1;
	classes = {
	};
	objectVersion = 55;
	objects = {

/* Begin PBXBuildFile section */
		E47279EF2860E25D002D9D4D /* AppDelegate.swift in Sources */ = {isa = PBXBuildFile; fileRef = E47279EE2860E25D002D9D4D /* AppDelegate.swift */; };
		E47279F12860E25D002D9D4D /* SceneDelegate.swift in Sources */ = {isa = PBXBuildFile; fileRef = E47279F02860E25D002D9D4D /* SceneDelegate.swift */; };
		E47279F32860E25D002D9D4D /* ViewController.swift in Sources */ = {isa = PBXBuildFile; fileRef = E47279F22860E25D002D9D4D /* ViewController.swift */; };
		E47279F82860E260002D9D4D /* Assets.xcassets in Resources */ = {isa = PBXBuildFile; fileRef = E47279F72860E260002D9D4D /* Assets.xcassets */; };
		E47279FB2860E260002D9D4D /* LaunchScreen.storyboard in Resources */ = {isa = PBXBuildFile; fileRef = E47279F92860E260002D9D4D /* LaunchScreen.storyboard */; };
		E4727A032860E41F002D9D4D /* NetworkCore.swift in Sources */ = {isa = PBXBuildFile; fileRef = E4727A022860E41F002D9D4D /* NetworkCore.swift */; };
		E4727A072860EB35002D9D4D /* Responsable.swift in Sources */ = {isa = PBXBuildFile; fileRef = E4727A062860EB35002D9D4D /* Responsable.swift */; };
		E4727A092860EB47002D9D4D /* NetworkError.swift in Sources */ = {isa = PBXBuildFile; fileRef = E4727A082860EB47002D9D4D /* NetworkError.swift */; };
		E4727A0B2860EB7F002D9D4D /* Service.swift in Sources */ = {isa = PBXBuildFile; fileRef = E4727A0A2860EB7F002D9D4D /* Service.swift */; };
		E4727A122860EF7C002D9D4D /* CameraRawModel.swift in Sources */ = {isa = PBXBuildFile; fileRef = E4727A112860EF7C002D9D4D /* CameraRawModel.swift */; };
		E4727A142860F0C6002D9D4D /* DoorsRawModel.swift in Sources */ = {isa = PBXBuildFile; fileRef = E4727A132860F0C6002D9D4D /* DoorsRawModel.swift */; };
		E4727A1628622137002D9D4D /* CustomTabBarController.swift in Sources */ = {isa = PBXBuildFile; fileRef = E4727A1528622137002D9D4D /* CustomTabBarController.swift */; };
		E4727A1828622AF2002D9D4D /* DoorsViewController.swift in Sources */ = {isa = PBXBuildFile; fileRef = E4727A1728622AF2002D9D4D /* DoorsViewController.swift */; };
		E4727A1A28622B31002D9D4D /* CamerasViewController.swift in Sources */ = {isa = PBXBuildFile; fileRef = E4727A1928622B31002D9D4D /* CamerasViewController.swift */; };
		E4727A1C28623C66002D9D4D /* DoorsView.swift in Sources */ = {isa = PBXBuildFile; fileRef = E4727A1B28623C66002D9D4D /* DoorsView.swift */; };
		E4727A1E28623CDC002D9D4D /* BaseView.swift in Sources */ = {isa = PBXBuildFile; fileRef = E4727A1D28623CDC002D9D4D /* BaseView.swift */; };
		E4727A22286241EE002D9D4D /* DoorsTableCell.swift in Sources */ = {isa = PBXBuildFile; fileRef = E4727A21286241EE002D9D4D /* DoorsTableCell.swift */; };
		E4727A2428624330002D9D4D /* Assets.swift in Sources */ = {isa = PBXBuildFile; fileRef = E4727A2328624330002D9D4D /* Assets.swift */; };
		E4727A26286245EC002D9D4D /* Extension UIView.swift in Sources */ = {isa = PBXBuildFile; fileRef = E4727A25286245EC002D9D4D /* Extension UIView.swift */; };
		E4727A2A28624810002D9D4D /* DoorsWithCameraTableCell.swift in Sources */ = {isa = PBXBuildFile; fileRef = E4727A2928624810002D9D4D /* DoorsWithCameraTableCell.swift */; };
/* End PBXBuildFile section */

/* Begin PBXFileReference section */
		E47279EB2860E25D002D9D4D /* Rubetek-internship.app */ = {isa = PBXFileReference; explicitFileType = wrapper.application; includeInIndex = 0; path = "Rubetek-internship.app"; sourceTree = BUILT_PRODUCTS_DIR; };
		E47279EE2860E25D002D9D4D /* AppDelegate.swift */ = {isa = PBXFileReference; lastKnownFileType = sourcecode.swift; path = AppDelegate.swift; sourceTree = "<group>"; };
		E47279F02860E25D002D9D4D /* SceneDelegate.swift */ = {isa = PBXFileReference; lastKnownFileType = sourcecode.swift; path = SceneDelegate.swift; sourceTree = "<group>"; };
		E47279F22860E25D002D9D4D /* ViewController.swift */ = {isa = PBXFileReference; lastKnownFileType = sourcecode.swift; path = ViewController.swift; sourceTree = "<group>"; };
		E47279F72860E260002D9D4D /* Assets.xcassets */ = {isa = PBXFileReference; lastKnownFileType = folder.assetcatalog; path = Assets.xcassets; sourceTree = "<group>"; };
		E47279FA2860E260002D9D4D /* Base */ = {isa = PBXFileReference; lastKnownFileType = file.storyboard; name = Base; path = Base.lproj/LaunchScreen.storyboard; sourceTree = "<group>"; };
		E47279FC2860E260002D9D4D /* Info.plist */ = {isa = PBXFileReference; lastKnownFileType = text.plist.xml; path = Info.plist; sourceTree = "<group>"; };
		E4727A022860E41F002D9D4D /* NetworkCore.swift */ = {isa = PBXFileReference; lastKnownFileType = sourcecode.swift; path = NetworkCore.swift; sourceTree = "<group>"; };
		E4727A062860EB35002D9D4D /* Responsable.swift */ = {isa = PBXFileReference; lastKnownFileType = sourcecode.swift; path = Responsable.swift; sourceTree = "<group>"; };
		E4727A082860EB47002D9D4D /* NetworkError.swift */ = {isa = PBXFileReference; lastKnownFileType = sourcecode.swift; path = NetworkError.swift; sourceTree = "<group>"; };
		E4727A0A2860EB7F002D9D4D /* Service.swift */ = {isa = PBXFileReference; lastKnownFileType = sourcecode.swift; path = Service.swift; sourceTree = "<group>"; };
		E4727A112860EF7C002D9D4D /* CameraRawModel.swift */ = {isa = PBXFileReference; lastKnownFileType = sourcecode.swift; path = CameraRawModel.swift; sourceTree = "<group>"; };
		E4727A132860F0C6002D9D4D /* DoorsRawModel.swift */ = {isa = PBXFileReference; lastKnownFileType = sourcecode.swift; path = DoorsRawModel.swift; sourceTree = "<group>"; };
		E4727A1528622137002D9D4D /* CustomTabBarController.swift */ = {isa = PBXFileReference; lastKnownFileType = sourcecode.swift; path = CustomTabBarController.swift; sourceTree = "<group>"; };
		E4727A1728622AF2002D9D4D /* DoorsViewController.swift */ = {isa = PBXFileReference; lastKnownFileType = sourcecode.swift; path = DoorsViewController.swift; sourceTree = "<group>"; };
		E4727A1928622B31002D9D4D /* CamerasViewController.swift */ = {isa = PBXFileReference; lastKnownFileType = sourcecode.swift; path = CamerasViewController.swift; sourceTree = "<group>"; };
		E4727A1B28623C66002D9D4D /* DoorsView.swift */ = {isa = PBXFileReference; lastKnownFileType = sourcecode.swift; path = DoorsView.swift; sourceTree = "<group>"; };
		E4727A1D28623CDC002D9D4D /* BaseView.swift */ = {isa = PBXFileReference; lastKnownFileType = sourcecode.swift; path = BaseView.swift; sourceTree = "<group>"; };
		E4727A21286241EE002D9D4D /* DoorsTableCell.swift */ = {isa = PBXFileReference; lastKnownFileType = sourcecode.swift; path = DoorsTableCell.swift; sourceTree = "<group>"; };
		E4727A2328624330002D9D4D /* Assets.swift */ = {isa = PBXFileReference; lastKnownFileType = sourcecode.swift; path = Assets.swift; sourceTree = "<group>"; };
		E4727A25286245EC002D9D4D /* Extension UIView.swift */ = {isa = PBXFileReference; lastKnownFileType = sourcecode.swift; path = "Extension UIView.swift"; sourceTree = "<group>"; };
		E4727A2928624810002D9D4D /* DoorsWithCameraTableCell.swift */ = {isa = PBXFileReference; lastKnownFileType = sourcecode.swift; path = DoorsWithCameraTableCell.swift; sourceTree = "<group>"; };
/* End PBXFileReference section */

/* Begin PBXFrameworksBuildPhase section */
		E47279E82860E25C002D9D4D /* Frameworks */ = {
			isa = PBXFrameworksBuildPhase;
			buildActionMask = 2147483647;
			files = (
			);
			runOnlyForDeploymentPostprocessing = 0;
		};
/* End PBXFrameworksBuildPhase section */

/* Begin PBXGroup section */
		E47279E22860E25C002D9D4D = {
			isa = PBXGroup;
			children = (
				E47279ED2860E25D002D9D4D /* Rubetek-internship */,
				E47279EC2860E25D002D9D4D /* Products */,
			);
			sourceTree = "<group>";
		};
		E47279EC2860E25D002D9D4D /* Products */ = {
			isa = PBXGroup;
			children = (
				E47279EB2860E25D002D9D4D /* Rubetek-internship.app */,
			);
			name = Products;
			sourceTree = "<group>";
		};
		E47279ED2860E25D002D9D4D /* Rubetek-internship */ = {
			isa = PBXGroup;
			children = (
				E47279EE2860E25D002D9D4D /* AppDelegate.swift */,
				E47279F02860E25D002D9D4D /* SceneDelegate.swift */,
				E47279F22860E25D002D9D4D /* ViewController.swift */,
				E47279F72860E260002D9D4D /* Assets.xcassets */,
				E47279F92860E260002D9D4D /* LaunchScreen.storyboard */,
				E47279FC2860E260002D9D4D /* Info.plist */,
				E4727A2828624636002D9D4D /* Extensions */,
				E4727A042860E9D8002D9D4D /* Core */,
				E4727A1F28623E5A002D9D4D /* Controllers */,
				E4727A2028623E6A002D9D4D /* Views */,
				E4727A2728624627002D9D4D /* Helpers */,
			);
			path = "Rubetek-internship";
			sourceTree = "<group>";
		};
		E4727A042860E9D8002D9D4D /* Core */ = {
			isa = PBXGroup;
			children = (
				E4727A052860EB1B002D9D4D /* NetworkCore */,
				E4727A0C2860EBB4002D9D4D /* Service */,
				E4727A112860EF7C002D9D4D /* CameraRawModel.swift */,
				E4727A132860F0C6002D9D4D /* DoorsRawModel.swift */,
			);
			path = Core;
			sourceTree = "<group>";
		};
		E4727A052860EB1B002D9D4D /* NetworkCore */ = {
			isa = PBXGroup;
			children = (
				E4727A022860E41F002D9D4D /* NetworkCore.swift */,
				E4727A062860EB35002D9D4D /* Responsable.swift */,
				E4727A082860EB47002D9D4D /* NetworkError.swift */,
			);
			path = NetworkCore;
			sourceTree = "<group>";
		};
		E4727A0C2860EBB4002D9D4D /* Service */ = {
			isa = PBXGroup;
			children = (
				E4727A0A2860EB7F002D9D4D /* Service.swift */,
			);
			path = Service;
			sourceTree = "<group>";
		};
		E4727A1F28623E5A002D9D4D /* Controllers */ = {
			isa = PBXGroup;
			children = (
				E4727A1528622137002D9D4D /* CustomTabBarController.swift */,
				E4727A1728622AF2002D9D4D /* DoorsViewController.swift */,
				E4727A1928622B31002D9D4D /* CamerasViewController.swift */,
			);
			path = Controllers;
			sourceTree = "<group>";
		};
		E4727A2028623E6A002D9D4D /* Views */ = {
			isa = PBXGroup;
			children = (
				E4727A1B28623C66002D9D4D /* DoorsView.swift */,
				E4727A1D28623CDC002D9D4D /* BaseView.swift */,
				E4727A21286241EE002D9D4D /* DoorsTableCell.swift */,
				E4727A2928624810002D9D4D /* DoorsWithCameraTableCell.swift */,
			);
			path = Views;
			sourceTree = "<group>";
		};
		E4727A2728624627002D9D4D /* Helpers */ = {
			isa = PBXGroup;
			children = (
				E4727A2328624330002D9D4D /* Assets.swift */,
			);
			path = Helpers;
			sourceTree = "<group>";
		};
		E4727A2828624636002D9D4D /* Extensions */ = {
			isa = PBXGroup;
			children = (
				E4727A25286245EC002D9D4D /* Extension UIView.swift */,
			);
			path = Extensions;
			sourceTree = "<group>";
		};
/* End PBXGroup section */

/* Begin PBXNativeTarget section */
		E47279EA2860E25C002D9D4D /* Rubetek-internship */ = {
			isa = PBXNativeTarget;
			buildConfigurationList = E47279FF2860E260002D9D4D /* Build configuration list for PBXNativeTarget "Rubetek-internship" */;
			buildPhases = (
				E47279E72860E25C002D9D4D /* Sources */,
				E47279E82860E25C002D9D4D /* Frameworks */,
				E47279E92860E25C002D9D4D /* Resources */,
			);
			buildRules = (
			);
			dependencies = (
			);
			name = "Rubetek-internship";
			productName = "Rubetek-internship";
			productReference = E47279EB2860E25D002D9D4D /* Rubetek-internship.app */;
			productType = "com.apple.product-type.application";
		};
/* End PBXNativeTarget section */

/* Begin PBXProject section */
		E47279E32860E25C002D9D4D /* Project object */ = {
			isa = PBXProject;
			attributes = {
				BuildIndependentTargetsInParallel = 1;
				LastSwiftUpdateCheck = 1340;
				LastUpgradeCheck = 1340;
				TargetAttributes = {
					E47279EA2860E25C002D9D4D = {
						CreatedOnToolsVersion = 13.4.1;
					};
				};
			};
			buildConfigurationList = E47279E62860E25C002D9D4D /* Build configuration list for PBXProject "Rubetek-internship" */;
			compatibilityVersion = "Xcode 13.0";
			developmentRegion = en;
			hasScannedForEncodings = 0;
			knownRegions = (
				en,
				Base,
			);
			mainGroup = E47279E22860E25C002D9D4D;
			productRefGroup = E47279EC2860E25D002D9D4D /* Products */;
			projectDirPath = "";
			projectRoot = "";
			targets = (
				E47279EA2860E25C002D9D4D /* Rubetek-internship */,
			);
		};
/* End PBXProject section */

/* Begin PBXResourcesBuildPhase section */
		E47279E92860E25C002D9D4D /* Resources */ = {
			isa = PBXResourcesBuildPhase;
			buildActionMask = 2147483647;
			files = (
				E47279FB2860E260002D9D4D /* LaunchScreen.storyboard in Resources */,
				E47279F82860E260002D9D4D /* Assets.xcassets in Resources */,
			);
			runOnlyForDeploymentPostprocessing = 0;
		};
/* End PBXResourcesBuildPhase section */

/* Begin PBXSourcesBuildPhase section */
		E47279E72860E25C002D9D4D /* Sources */ = {
			isa = PBXSourcesBuildPhase;
			buildActionMask = 2147483647;
			files = (
				E47279F32860E25D002D9D4D /* ViewController.swift in Sources */,
				E4727A0B2860EB7F002D9D4D /* Service.swift in Sources */,
				E4727A1628622137002D9D4D /* CustomTabBarController.swift in Sources */,
				E47279EF2860E25D002D9D4D /* AppDelegate.swift in Sources */,
				E47279F12860E25D002D9D4D /* SceneDelegate.swift in Sources */,
				E4727A2A28624810002D9D4D /* DoorsWithCameraTableCell.swift in Sources */,
				E4727A1A28622B31002D9D4D /* CamerasViewController.swift in Sources */,
				E4727A22286241EE002D9D4D /* DoorsTableCell.swift in Sources */,
				E4727A092860EB47002D9D4D /* NetworkError.swift in Sources */,
				E4727A142860F0C6002D9D4D /* DoorsRawModel.swift in Sources */,
				E4727A1828622AF2002D9D4D /* DoorsViewController.swift in Sources */,
				E4727A2428624330002D9D4D /* Assets.swift in Sources */,
				E4727A122860EF7C002D9D4D /* CameraRawModel.swift in Sources */,
				E4727A072860EB35002D9D4D /* Responsable.swift in Sources */,
				E4727A26286245EC002D9D4D /* Extension UIView.swift in Sources */,
				E4727A1E28623CDC002D9D4D /* BaseView.swift in Sources */,
				E4727A032860E41F002D9D4D /* NetworkCore.swift in Sources */,
				E4727A1C28623C66002D9D4D /* DoorsView.swift in Sources */,
			);
			runOnlyForDeploymentPostprocessing = 0;
		};
/* End PBXSourcesBuildPhase section */

/* Begin PBXVariantGroup section */
		E47279F92860E260002D9D4D /* LaunchScreen.storyboard */ = {
			isa = PBXVariantGroup;
			children = (
				E47279FA2860E260002D9D4D /* Base */,
			);
			name = LaunchScreen.storyboard;
			sourceTree = "<group>";
		};
/* End PBXVariantGroup section */

/* Begin XCBuildConfiguration section */
		E47279FD2860E260002D9D4D /* Debug */ = {
			isa = XCBuildConfiguration;
			buildSettings = {
				ALWAYS_SEARCH_USER_PATHS = NO;
				CLANG_ANALYZER_NONNULL = YES;
				CLANG_ANALYZER_NUMBER_OBJECT_CONVERSION = YES_AGGRESSIVE;
				CLANG_CXX_LANGUAGE_STANDARD = "gnu++17";
				CLANG_ENABLE_MODULES = YES;
				CLANG_ENABLE_OBJC_ARC = YES;
				CLANG_ENABLE_OBJC_WEAK = YES;
				CLANG_WARN_BLOCK_CAPTURE_AUTORELEASING = YES;
				CLANG_WARN_BOOL_CONVERSION = YES;
				CLANG_WARN_COMMA = YES;
				CLANG_WARN_CONSTANT_CONVERSION = YES;
				CLANG_WARN_DEPRECATED_OBJC_IMPLEMENTATIONS = YES;
				CLANG_WARN_DIRECT_OBJC_ISA_USAGE = YES_ERROR;
				CLANG_WARN_DOCUMENTATION_COMMENTS = YES;
				CLANG_WARN_EMPTY_BODY = YES;
				CLANG_WARN_ENUM_CONVERSION = YES;
				CLANG_WARN_INFINITE_RECURSION = YES;
				CLANG_WARN_INT_CONVERSION = YES;
				CLANG_WARN_NON_LITERAL_NULL_CONVERSION = YES;
				CLANG_WARN_OBJC_IMPLICIT_RETAIN_SELF = YES;
				CLANG_WARN_OBJC_LITERAL_CONVERSION = YES;
				CLANG_WARN_OBJC_ROOT_CLASS = YES_ERROR;
				CLANG_WARN_QUOTED_INCLUDE_IN_FRAMEWORK_HEADER = YES;
				CLANG_WARN_RANGE_LOOP_ANALYSIS = YES;
				CLANG_WARN_STRICT_PROTOTYPES = YES;
				CLANG_WARN_SUSPICIOUS_MOVE = YES;
				CLANG_WARN_UNGUARDED_AVAILABILITY = YES_AGGRESSIVE;
				CLANG_WARN_UNREACHABLE_CODE = YES;
				CLANG_WARN__DUPLICATE_METHOD_MATCH = YES;
				COPY_PHASE_STRIP = NO;
				DEBUG_INFORMATION_FORMAT = dwarf;
				ENABLE_STRICT_OBJC_MSGSEND = YES;
				ENABLE_TESTABILITY = YES;
				GCC_C_LANGUAGE_STANDARD = gnu11;
				GCC_DYNAMIC_NO_PIC = NO;
				GCC_NO_COMMON_BLOCKS = YES;
				GCC_OPTIMIZATION_LEVEL = 0;
				GCC_PREPROCESSOR_DEFINITIONS = (
					"DEBUG=1",
					"$(inherited)",
				);
				GCC_WARN_64_TO_32_BIT_CONVERSION = YES;
				GCC_WARN_ABOUT_RETURN_TYPE = YES_ERROR;
				GCC_WARN_UNDECLARED_SELECTOR = YES;
				GCC_WARN_UNINITIALIZED_AUTOS = YES_AGGRESSIVE;
				GCC_WARN_UNUSED_FUNCTION = YES;
				GCC_WARN_UNUSED_VARIABLE = YES;
				IPHONEOS_DEPLOYMENT_TARGET = 15.5;
				MTL_ENABLE_DEBUG_INFO = INCLUDE_SOURCE;
				MTL_FAST_MATH = YES;
				ONLY_ACTIVE_ARCH = YES;
				SDKROOT = iphoneos;
				SWIFT_ACTIVE_COMPILATION_CONDITIONS = DEBUG;
				SWIFT_OPTIMIZATION_LEVEL = "-Onone";
			};
			name = Debug;
		};
		E47279FE2860E260002D9D4D /* Release */ = {
			isa = XCBuildConfiguration;
			buildSettings = {
				ALWAYS_SEARCH_USER_PATHS = NO;
				CLANG_ANALYZER_NONNULL = YES;
				CLANG_ANALYZER_NUMBER_OBJECT_CONVERSION = YES_AGGRESSIVE;
				CLANG_CXX_LANGUAGE_STANDARD = "gnu++17";
				CLANG_ENABLE_MODULES = YES;
				CLANG_ENABLE_OBJC_ARC = YES;
				CLANG_ENABLE_OBJC_WEAK = YES;
				CLANG_WARN_BLOCK_CAPTURE_AUTORELEASING = YES;
				CLANG_WARN_BOOL_CONVERSION = YES;
				CLANG_WARN_COMMA = YES;
				CLANG_WARN_CONSTANT_CONVERSION = YES;
				CLANG_WARN_DEPRECATED_OBJC_IMPLEMENTATIONS = YES;
				CLANG_WARN_DIRECT_OBJC_ISA_USAGE = YES_ERROR;
				CLANG_WARN_DOCUMENTATION_COMMENTS = YES;
				CLANG_WARN_EMPTY_BODY = YES;
				CLANG_WARN_ENUM_CONVERSION = YES;
				CLANG_WARN_INFINITE_RECURSION = YES;
				CLANG_WARN_INT_CONVERSION = YES;
				CLANG_WARN_NON_LITERAL_NULL_CONVERSION = YES;
				CLANG_WARN_OBJC_IMPLICIT_RETAIN_SELF = YES;
				CLANG_WARN_OBJC_LITERAL_CONVERSION = YES;
				CLANG_WARN_OBJC_ROOT_CLASS = YES_ERROR;
				CLANG_WARN_QUOTED_INCLUDE_IN_FRAMEWORK_HEADER = YES;
				CLANG_WARN_RANGE_LOOP_ANALYSIS = YES;
				CLANG_WARN_STRICT_PROTOTYPES = YES;
				CLANG_WARN_SUSPICIOUS_MOVE = YES;
				CLANG_WARN_UNGUARDED_AVAILABILITY = YES_AGGRESSIVE;
				CLANG_WARN_UNREACHABLE_CODE = YES;
				CLANG_WARN__DUPLICATE_METHOD_MATCH = YES;
				COPY_PHASE_STRIP = NO;
				DEBUG_INFORMATION_FORMAT = "dwarf-with-dsym";
				ENABLE_NS_ASSERTIONS = NO;
				ENABLE_STRICT_OBJC_MSGSEND = YES;
				GCC_C_LANGUAGE_STANDARD = gnu11;
				GCC_NO_COMMON_BLOCKS = YES;
				GCC_WARN_64_TO_32_BIT_CONVERSION = YES;
				GCC_WARN_ABOUT_RETURN_TYPE = YES_ERROR;
				GCC_WARN_UNDECLARED_SELECTOR = YES;
				GCC_WARN_UNINITIALIZED_AUTOS = YES_AGGRESSIVE;
				GCC_WARN_UNUSED_FUNCTION = YES;
				GCC_WARN_UNUSED_VARIABLE = YES;
				IPHONEOS_DEPLOYMENT_TARGET = 15.5;
				MTL_ENABLE_DEBUG_INFO = NO;
				MTL_FAST_MATH = YES;
				SDKROOT = iphoneos;
				SWIFT_COMPILATION_MODE = wholemodule;
				SWIFT_OPTIMIZATION_LEVEL = "-O";
				VALIDATE_PRODUCT = YES;
			};
			name = Release;
		};
		E4727A002860E260002D9D4D /* Debug */ = {
			isa = XCBuildConfiguration;
			buildSettings = {
				ASSETCATALOG_COMPILER_APPICON_NAME = AppIcon;
				ASSETCATALOG_COMPILER_GLOBAL_ACCENT_COLOR_NAME = AccentColor;
				CODE_SIGN_STYLE = Automatic;
				CURRENT_PROJECT_VERSION = 1;
				DEVELOPMENT_TEAM = 7752T724HD;
				GENERATE_INFOPLIST_FILE = YES;
				INFOPLIST_FILE = "Rubetek-internship/Info.plist";
				INFOPLIST_KEY_UIApplicationSupportsIndirectInputEvents = YES;
				INFOPLIST_KEY_UILaunchStoryboardName = LaunchScreen;
				INFOPLIST_KEY_UISupportedInterfaceOrientations = UIInterfaceOrientationPortrait;
				INFOPLIST_KEY_UISupportedInterfaceOrientations_iPad = "UIInterfaceOrientationPortrait UIInterfaceOrientationPortraitUpsideDown UIInterfaceOrientationLandscapeLeft UIInterfaceOrientationLandscapeRight";
				INFOPLIST_KEY_UISupportedInterfaceOrientations_iPhone = "UIInterfaceOrientationPortrait UIInterfaceOrientationLandscapeLeft UIInterfaceOrientationLandscapeRight";
				IPHONEOS_DEPLOYMENT_TARGET = 13.0;
				LD_RUNPATH_SEARCH_PATHS = (
					"$(inherited)",
					"@executable_path/Frameworks",
				);
				MARKETING_VERSION = 1.0;
				PRODUCT_BUNDLE_IDENTIFIER = "com.skrivoborodova.Rubetek-internship";
				PRODUCT_NAME = "$(TARGET_NAME)";
				SWIFT_EMIT_LOC_STRINGS = YES;
				SWIFT_VERSION = 5.0;
				TARGETED_DEVICE_FAMILY = 1;
			};
			name = Debug;
		};
		E4727A012860E260002D9D4D /* Release */ = {
			isa = XCBuildConfiguration;
			buildSettings = {
				ASSETCATALOG_COMPILER_APPICON_NAME = AppIcon;
				ASSETCATALOG_COMPILER_GLOBAL_ACCENT_COLOR_NAME = AccentColor;
				CODE_SIGN_STYLE = Automatic;
				CURRENT_PROJECT_VERSION = 1;
				DEVELOPMENT_TEAM = 7752T724HD;
				GENERATE_INFOPLIST_FILE = YES;
				INFOPLIST_FILE = "Rubetek-internship/Info.plist";
				INFOPLIST_KEY_UIApplicationSupportsIndirectInputEvents = YES;
				INFOPLIST_KEY_UILaunchStoryboardName = LaunchScreen;
				INFOPLIST_KEY_UISupportedInterfaceOrientations = UIInterfaceOrientationPortrait;
				INFOPLIST_KEY_UISupportedInterfaceOrientations_iPad = "UIInterfaceOrientationPortrait UIInterfaceOrientationPortraitUpsideDown UIInterfaceOrientationLandscapeLeft UIInterfaceOrientationLandscapeRight";
				INFOPLIST_KEY_UISupportedInterfaceOrientations_iPhone = "UIInterfaceOrientationPortrait UIInterfaceOrientationLandscapeLeft UIInterfaceOrientationLandscapeRight";
				IPHONEOS_DEPLOYMENT_TARGET = 13.0;
				LD_RUNPATH_SEARCH_PATHS = (
					"$(inherited)",
					"@executable_path/Frameworks",
				);
				MARKETING_VERSION = 1.0;
				PRODUCT_BUNDLE_IDENTIFIER = "com.skrivoborodova.Rubetek-internship";
				PRODUCT_NAME = "$(TARGET_NAME)";
				SWIFT_EMIT_LOC_STRINGS = YES;
				SWIFT_VERSION = 5.0;
				TARGETED_DEVICE_FAMILY = 1;
			};
			name = Release;
		};
/* End XCBuildConfiguration section */

/* Begin XCConfigurationList section */
		E47279E62860E25C002D9D4D /* Build configuration list for PBXProject "Rubetek-internship" */ = {
			isa = XCConfigurationList;
			buildConfigurations = (
				E47279FD2860E260002D9D4D /* Debug */,
				E47279FE2860E260002D9D4D /* Release */,
			);
			defaultConfigurationIsVisible = 0;
			defaultConfigurationName = Release;
		};
		E47279FF2860E260002D9D4D /* Build configuration list for PBXNativeTarget "Rubetek-internship" */ = {
			isa = XCConfigurationList;
			buildConfigurations = (
				E4727A002860E260002D9D4D /* Debug */,
				E4727A012860E260002D9D4D /* Release */,
			);
			defaultConfigurationIsVisible = 0;
			defaultConfigurationName = Release;
		};
/* End XCConfigurationList section */
	};
	rootObject = E47279E32860E25C002D9D4D /* Project object */;
}
